
Microsoft Visual Studio Solution File, Format Version 12.00
# Visual Studio Version 16
VisualStudioVersion = 16.0.31205.134
MinimumVisualStudioVersion = 10.0.40219.1
Project("{FAE04EC0-301F-11D3-BF4B-00C04F79EFBC}") = "MergeLinqExpressions", "MergeLinqExpressions\MergeLinqExpressions.csproj", "{AA2AB501-A47D-4789-B6B5-1E70417A223E}"
EndProject
Global
	GlobalSection(SolutionConfigurationPlatforms) = preSolution
		Debug|Any CPU = Debug|Any CPU
		Release|Any CPU = Release|Any CPU
	EndGlobalSection
	GlobalSection(ProjectConfigurationPlatforms) = postSolution
		{AA2AB501-A47D-4789-B6B5-1E70417A223E}.Debug|Any CPU.ActiveCfg = Debug|Any CPU
		{AA2AB501-A47D-4789-B6B5-1E70417A223E}.Debug|Any CPU.Build.0 = Debug|Any CPU
		{AA2AB501-A47D-4789-B6B5-1E70417A223E}.Release|Any CPU.ActiveCfg = Release|Any CPU
		{AA2AB501-A47D-4789-B6B5-1E70417A223E}.Release|Any CPU.Build.0 = Release|Any CPU
	EndGlobalSection
	GlobalSection(SolutionProperties) = preSolution
		HideSolutionNode = FALSE
	EndGlobalSection
	GlobalSection(ExtensibilityGlobals) = postSolution
		SolutionGuid = {06AE9EC2-23CD-4419-BFF3-DC770668265C}
	EndGlobalSection
EndGlobal
